// !$*UTF8*$!
{
	archiveVersion = 1;
	classes = {
	};
	objectVersion = 56;
	objects = {

/* Begin PBXBuildFile section */
		76DBD289075A03BE3643CDD2 /* Pods_Demo.framework in Frameworks */ = {isa = PBXBuildFile; fileRef = 8898289111CB4FED813BF917 /* Pods_Demo.framework */; };
		A5DCBBF42EA7627600625AD9 /* AppDelegate.swift in Sources */ = {isa = PBXBuildFile; fileRef = A5DCBBF32EA7627600625AD9 /* AppDelegate.swift */; };
		A5DCBBF62EA7627600625AD9 /* SceneDelegate.swift in Sources */ = {isa = PBXBuildFile; fileRef = A5DCBBF52EA7627600625AD9 /* SceneDelegate.swift */; };
		A5DCBBF82EA7627600625AD9 /* ViewController.swift in Sources */ = {isa = PBXBuildFile; fileRef = A5DCBBF72EA7627600625AD9 /* ViewController.swift */; };
		A5DCBBFB2EA7627600625AD9 /* Main.storyboard in Resources */ = {isa = PBXBuildFile; fileRef = A5DCBBF92EA7627600625AD9 /* Main.storyboard */; };
		A5DCBBFD2EA7627A00625AD9 /* Assets.xcassets in Resources */ = {isa = PBXBuildFile; fileRef = A5DCBBFC2EA7627A00625AD9 /* Assets.xcassets */; };
		A5DCBC002EA7627A00625AD9 /* LaunchScreen.storyboard in Resources */ = {isa = PBXBuildFile; fileRef = A5DCBBFE2EA7627A00625AD9 /* LaunchScreen.storyboard */; };
		A5DCBC0B2EA7627B00625AD9 /* DemoTests.swift in Sources */ = {isa = PBXBuildFile; fileRef = A5DCBC0A2EA7627B00625AD9 /* DemoTests.swift */; };
		A5DCBC152EA7627B00625AD9 /* DemoUITests.swift in Sources */ = {isa = PBXBuildFile; fileRef = A5DCBC142EA7627B00625AD9 /* DemoUITests.swift */; };
		A5DCBC172EA7627B00625AD9 /* DemoUITestsLaunchTests.swift in Sources */ = {isa = PBXBuildFile; fileRef = A5DCBC162EA7627B00625AD9 /* DemoUITestsLaunchTests.swift */; };
/* End PBXBuildFile section */

/* Begin PBXContainerItemProxy section */
		A5DCBC072EA7627A00625AD9 /* PBXContainerItemProxy */ = {
			isa = PBXContainerItemProxy;
			containerPortal = A5DCBBE82EA7627600625AD9 /* Project object */;
			proxyType = 1;
			remoteGlobalIDString = A5DCBBEF2EA7627600625AD9;
			remoteInfo = Demo;
		};
		A5DCBC112EA7627B00625AD9 /* PBXContainerItemProxy */ = {
			isa = PBXContainerItemProxy;
			containerPortal = A5DCBBE82EA7627600625AD9 /* Project object */;
			proxyType = 1;
			remoteGlobalIDString = A5DCBBEF2EA7627600625AD9;
			remoteInfo = Demo;
		};
/* End PBXContainerItemProxy section */

/* Begin PBXFileReference section */
		17CE33DE9F52089A81880C55 /* Pods-Demo.release.xcconfig */ = {isa = PBXFileReference; includeInIndex = 1; lastKnownFileType = text.xcconfig; name = "Pods-Demo.release.xcconfig"; path = "Target Support Files/Pods-Demo/Pods-Demo.release.xcconfig"; sourceTree = "<group>"; };
		1BED300A0B4E32C895D11F25 /* Pods-Demo.debug.xcconfig */ = {isa = PBXFileReference; includeInIndex = 1; lastKnownFileType = text.xcconfig; name = "Pods-Demo.debug.xcconfig"; path = "Target Support Files/Pods-Demo/Pods-Demo.debug.xcconfig"; sourceTree = "<group>"; };
		8898289111CB4FED813BF917 /* Pods_Demo.framework */ = {isa = PBXFileReference; explicitFileType = wrapper.framework; includeInIndex = 0; path = Pods_Demo.framework; sourceTree = BUILT_PRODUCTS_DIR; };
		A5DCBBF02EA7627600625AD9 /* Demo.app */ = {isa = PBXFileReference; explicitFileType = wrapper.application; includeInIndex = 0; path = Demo.app; sourceTree = BUILT_PRODUCTS_DIR; };
		A5DCBBF32EA7627600625AD9 /* AppDelegate.swift */ = {isa = PBXFileReference; lastKnownFileType = sourcecode.swift; path = AppDelegate.swift; sourceTree = "<group>"; };
		A5DCBBF52EA7627600625AD9 /* SceneDelegate.swift */ = {isa = PBXFileReference; lastKnownFileType = sourcecode.swift; path = SceneDelegate.swift; sourceTree = "<group>"; };
		A5DCBBF72EA7627600625AD9 /* ViewController.swift */ = {isa = PBXFileReference; lastKnownFileType = sourcecode.swift; path = ViewController.swift; sourceTree = "<group>"; };
		A5DCBBFA2EA7627600625AD9 /* Base */ = {isa = PBXFileReference; lastKnownFileType = file.storyboard; name = Base; path = Base.lproj/Main.storyboard; sourceTree = "<group>"; };
		A5DCBBFC2EA7627A00625AD9 /* Assets.xcassets */ = {isa = PBXFileReference; lastKnownFileType = folder.assetcatalog; path = Assets.xcassets; sourceTree = "<group>"; };
		A5DCBBFF2EA7627A00625AD9 /* Base */ = {isa = PBXFileReference; lastKnownFileType = file.storyboard; name = Base; path = Base.lproj/LaunchScreen.storyboard; sourceTree = "<group>"; };
		A5DCBC012EA7627A00625AD9 /* Info.plist */ = {isa = PBXFileReference; lastKnownFileType = text.plist.xml; path = Info.plist; sourceTree = "<group>"; };
		A5DCBC062EA7627A00625AD9 /* DemoTests.xctest */ = {isa = PBXFileReference; explicitFileType = wrapper.cfbundle; includeInIndex = 0; path = DemoTests.xctest; sourceTree = BUILT_PRODUCTS_DIR; };
		A5DCBC0A2EA7627B00625AD9 /* DemoTests.swift */ = {isa = PBXFileReference; lastKnownFileType = sourcecode.swift; path = DemoTests.swift; sourceTree = "<group>"; };
		A5DCBC102EA7627B00625AD9 /* DemoUITests.xctest */ = {isa = PBXFileReference; explicitFileType = wrapper.cfbundle; includeInIndex = 0; path = DemoUITests.xctest; sourceTree = BUILT_PRODUCTS_DIR; };
		A5DCBC142EA7627B00625AD9 /* DemoUITests.swift */ = {isa = PBXFileReference; lastKnownFileType = sourcecode.swift; path = DemoUITests.swift; sourceTree = "<group>"; };
		A5DCBC162EA7627B00625AD9 /* DemoUITestsLaunchTests.swift */ = {isa = PBXFileReference; lastKnownFileType = sourcecode.swift; path = DemoUITestsLaunchTests.swift; sourceTree = "<group>"; };
/* End PBXFileReference section */

/* Begin PBXFrameworksBuildPhase section */
		A5DCBBED2EA7627600625AD9 /* Frameworks */ = {
			isa = PBXFrameworksBuildPhase;
			buildActionMask = 2147483647;
			files = (
				76DBD289075A03BE3643CDD2 /* Pods_Demo.framework in Frameworks */,
			);
			runOnlyForDeploymentPostprocessing = 0;
		};
		A5DCBC032EA7627A00625AD9 /* Frameworks */ = {
			isa = PBXFrameworksBuildPhase;
			buildActionMask = 2147483647;
			files = (
			);
			runOnlyForDeploymentPostprocessing = 0;
		};
		A5DCBC0D2EA7627B00625AD9 /* Frameworks */ = {
			isa = PBXFrameworksBuildPhase;
			buildActionMask = 2147483647;
			files = (
			);
			runOnlyForDeploymentPostprocessing = 0;
		};
/* End PBXFrameworksBuildPhase section */

/* Begin PBXGroup section */
		6FEB47B041CC8C95A31AA4F1 /* Frameworks */ = {
			isa = PBXGroup;
			children = (
				8898289111CB4FED813BF917 /* Pods_Demo.framework */,
			);
			name = Frameworks;
			sourceTree = "<group>";
		};
		A5DCBBE72EA7627600625AD9 = {
			isa = PBXGroup;
			children = (
				A5DCBBF22EA7627600625AD9 /* Demo */,
				A5DCBC092EA7627B00625AD9 /* DemoTests */,
				A5DCBC132EA7627B00625AD9 /* DemoUITests */,
				A5DCBBF12EA7627600625AD9 /* Products */,
				F097619950A37D7A305E43B9 /* Pods */,
				6FEB47B041CC8C95A31AA4F1 /* Frameworks */,
			);
			sourceTree = "<group>";
		};
		A5DCBBF12EA7627600625AD9 /* Products */ = {
			isa = PBXGroup;
			children = (
				A5DCBBF02EA7627600625AD9 /* Demo.app */,
				A5DCBC062EA7627A00625AD9 /* DemoTests.xctest */,
				A5DCBC102EA7627B00625AD9 /* DemoUITests.xctest */,
			);
			name = Products;
			sourceTree = "<group>";
		};
		A5DCBBF22EA7627600625AD9 /* Demo */ = {
			isa = PBXGroup;
			children = (
				A5DCBBF32EA7627600625AD9 /* AppDelegate.swift */,
				A5DCBBF52EA7627600625AD9 /* SceneDelegate.swift */,
				A5DCBBF72EA7627600625AD9 /* ViewController.swift */,
				A5DCBBF92EA7627600625AD9 /* Main.storyboard */,
				A5DCBBFC2EA7627A00625AD9 /* Assets.xcassets */,
				A5DCBBFE2EA7627A00625AD9 /* LaunchScreen.storyboard */,
				A5DCBC012EA7627A00625AD9 /* Info.plist */,
			);
			path = Demo;
			sourceTree = "<group>";
		};
		A5DCBC092EA7627B00625AD9 /* DemoTests */ = {
			isa = PBXGroup;
			children = (
				A5DCBC0A2EA7627B00625AD9 /* DemoTests.swift */,
			);
			path = DemoTests;
			sourceTree = "<group>";
		};
		A5DCBC132EA7627B00625AD9 /* DemoUITests */ = {
			isa = PBXGroup;
			children = (
				A5DCBC142EA7627B00625AD9 /* DemoUITests.swift */,
				A5DCBC162EA7627B00625AD9 /* DemoUITestsLaunchTests.swift */,
			);
			path = DemoUITests;
			sourceTree = "<group>";
		};
		F097619950A37D7A305E43B9 /* Pods */ = {
			isa = PBXGroup;
			children = (
				1BED300A0B4E32C895D11F25 /* Pods-Demo.debug.xcconfig */,
				17CE33DE9F52089A81880C55 /* Pods-Demo.release.xcconfig */,
			);
			name = Pods;
			path = Pods;
			sourceTree = "<group>";
		};
/* End PBXGroup section */

/* Begin PBXNativeTarget section */
		A5DCBBEF2EA7627600625AD9 /* Demo */ = {
			isa = PBXNativeTarget;
			buildConfigurationList = A5DCBC1A2EA7627B00625AD9 /* Build configuration list for PBXNativeTarget "Demo" */;
			buildPhases = (
				D8A844C3C0CB716F432DA96C /* [CP] Check Pods Manifest.lock */,
				A5DCBBEC2EA7627600625AD9 /* Sources */,
				A5DCBBED2EA7627600625AD9 /* Frameworks */,
				A5DCBBEE2EA7627600625AD9 /* Resources */,
				A28A70BF9777EDD9C2C326D4 /* [CP] Embed Pods Frameworks */,
			);
			buildRules = (
			);
			dependencies = (
			);
			name = Demo;
			productName = Demo;
			productReference = A5DCBBF02EA7627600625AD9 /* Demo.app */;
			productType = "com.apple.product-type.application";
		};
		A5DCBC052EA7627A00625AD9 /* DemoTests */ = {
			isa = PBXNativeTarget;
			buildConfigurationList = A5DCBC1D2EA7627B00625AD9 /* Build configuration list for PBXNativeTarget "DemoTests" */;
			buildPhases = (
				A5DCBC022EA7627A00625AD9 /* Sources */,
				A5DCBC032EA7627A00625AD9 /* Frameworks */,
				A5DCBC042EA7627A00625AD9 /* Resources */,
			);
			buildRules = (
			);
			dependencies = (
				A5DCBC082EA7627A00625AD9 /* PBXTargetDependency */,
			);
			name = DemoTests;
			productName = DemoTests;
			productReference = A5DCBC062EA7627A00625AD9 /* DemoTests.xctest */;
			productType = "com.apple.product-type.bundle.unit-test";
		};
		A5DCBC0F2EA7627B00625AD9 /* DemoUITests */ = {
			isa = PBXNativeTarget;
			buildConfigurationList = A5DCBC202EA7627B00625AD9 /* Build configuration list for PBXNativeTarget "DemoUITests" */;
			buildPhases = (
				A5DCBC0C2EA7627B00625AD9 /* Sources */,
				A5DCBC0D2EA7627B00625AD9 /* Frameworks */,
				A5DCBC0E2EA7627B00625AD9 /* Resources */,
			);
			buildRules = (
			);
			dependencies = (
				A5DCBC122EA7627B00625AD9 /* PBXTargetDependency */,
			);
			name = DemoUITests;
			productName = DemoUITests;
			productReference = A5DCBC102EA7627B00625AD9 /* DemoUITests.xctest */;
			productType = "com.apple.product-type.bundle.ui-testing";
		};
/* End PBXNativeTarget section */

/* Begin PBXProject section */
		A5DCBBE82EA7627600625AD9 /* Project object */ = {
			isa = PBXProject;
			attributes = {
				BuildIndependentTargetsInParallel = 1;
				LastSwiftUpdateCheck = 1500;
				LastUpgradeCheck = 1500;
				TargetAttributes = {
					A5DCBBEF2EA7627600625AD9 = {
						CreatedOnToolsVersion = 15.0.1;
					};
					A5DCBC052EA7627A00625AD9 = {
						CreatedOnToolsVersion = 15.0.1;
						TestTargetID = A5DCBBEF2EA7627600625AD9;
					};
					A5DCBC0F2EA7627B00625AD9 = {
						CreatedOnToolsVersion = 15.0.1;
						TestTargetID = A5DCBBEF2EA7627600625AD9;
					};
				};
			};
			buildConfigurationList = A5DCBBEB2EA7627600625AD9 /* Build configuration list for PBXProject "Demo" */;
			compatibilityVersion = "Xcode 14.0";
			developmentRegion = en;
			hasScannedForEncodings = 0;
			knownRegions = (
				en,
				Base,
			);
			mainGroup = A5DCBBE72EA7627600625AD9;
			productRefGroup = A5DCBBF12EA7627600625AD9 /* Products */;
			projectDirPath = "";
			projectRoot = "";
			targets = (
				A5DCBBEF2EA7627600625AD9 /* Demo */,
				A5DCBC052EA7627A00625AD9 /* DemoTests */,
				A5DCBC0F2EA7627B00625AD9 /* DemoUITests */,
			);
		};
/* End PBXProject section */

/* Begin PBXResourcesBuildPhase section */
		A5DCBBEE2EA7627600625AD9 /* Resources */ = {
			isa = PBXResourcesBuildPhase;
			buildActionMask = 2147483647;
			files = (
				A5DCBC002EA7627A00625AD9 /* LaunchScreen.storyboard in Resources */,
				A5DCBBFD2EA7627A00625AD9 /* Assets.xcassets in Resources */,
				A5DCBBFB2EA7627600625AD9 /* Main.storyboard in Resources */,
			);
			runOnlyForDeploymentPostprocessing = 0;
		};
		A5DCBC042EA7627A00625AD9 /* Resources */ = {
			isa = PBXResourcesBuildPhase;
			buildActionMask = 2147483647;
			files = (
			);
			runOnlyForDeploymentPostprocessing = 0;
		};
		A5DCBC0E2EA7627B00625AD9 /* Resources */ = {
			isa = PBXResourcesBuildPhase;
			buildActionMask = 2147483647;
			files = (
			);
			runOnlyForDeploymentPostprocessing = 0;
		};
/* End PBXResourcesBuildPhase section */

/* Begin PBXShellScriptBuildPhase section */
		A28A70BF9777EDD9C2C326D4 /* [CP] Embed Pods Frameworks */ = {
			isa = PBXShellScriptBuildPhase;
			buildActionMask = 2147483647;
			files = (
			);
			inputFileListPaths = (
				"${PODS_ROOT}/Target Support Files/Pods-Demo/Pods-Demo-frameworks-${CONFIGURATION}-input-files.xcfilelist",
			);
			name = "[CP] Embed Pods Frameworks";
			outputFileListPaths = (
				"${PODS_ROOT}/Target Support Files/Pods-Demo/Pods-Demo-frameworks-${CONFIGURATION}-output-files.xcfilelist",
			);
			runOnlyForDeploymentPostprocessing = 0;
			shellPath = /bin/sh;
			shellScript = "\"${PODS_ROOT}/Target Support Files/Pods-Demo/Pods-Demo-frameworks.sh\"\n";
			showEnvVarsInLog = 0;
		};
		D8A844C3C0CB716F432DA96C /* [CP] Check Pods Manifest.lock */ = {
			isa = PBXShellScriptBuildPhase;
			buildActionMask = 2147483647;
			files = (
			);
			inputFileListPaths = (
			);
			inputPaths = (
				"${PODS_PODFILE_DIR_PATH}/Podfile.lock",
				"${PODS_ROOT}/Manifest.lock",
			);
			name = "[CP] Check Pods Manifest.lock";
			outputFileListPaths = (
			);
			outputPaths = (
				"$(DERIVED_FILE_DIR)/Pods-Demo-checkManifestLockResult.txt",
			);
			runOnlyForDeploymentPostprocessing = 0;
			shellPath = /bin/sh;
			shellScript = "diff \"${PODS_PODFILE_DIR_PATH}/Podfile.lock\" \"${PODS_ROOT}/Manifest.lock\" > /dev/null\nif [ $? != 0 ] ; then\n    # print error to STDERR\n    echo \"error: The sandbox is not in sync with the Podfile.lock. Run 'pod install' or update your CocoaPods installation.\" >&2\n    exit 1\nfi\n# This output is used by Xcode 'outputs' to avoid re-running this script phase.\necho \"SUCCESS\" > \"${SCRIPT_OUTPUT_FILE_0}\"\n";
			showEnvVarsInLog = 0;
		};
/* End PBXShellScriptBuildPhase section */

/* Begin PBXSourcesBuildPhase section */
		A5DCBBEC2EA7627600625AD9 /* Sources */ = {
			isa = PBXSourcesBuildPhase;
			buildActionMask = 2147483647;
			files = (
				A5DCBBF82EA7627600625AD9 /* ViewController.swift in Sources */,
				A5DCBBF42EA7627600625AD9 /* AppDelegate.swift in Sources */,
				A5DCBBF62EA7627600625AD9 /* SceneDelegate.swift in Sources */,
			);
			runOnlyForDeploymentPostprocessing = 0;
		};
		A5DCBC022EA7627A00625AD9 /* Sources */ = {
			isa = PBXSourcesBuildPhase;
			buildActionMask = 2147483647;
			files = (
				A5DCBC0B2EA7627B00625AD9 /* DemoTests.swift in Sources */,
			);
			runOnlyForDeploymentPostprocessing = 0;
		};
		A5DCBC0C2EA7627B00625AD9 /* Sources */ = {
			isa = PBXSourcesBuildPhase;
			buildActionMask = 2147483647;
			files = (
				A5DCBC152EA7627B00625AD9 /* DemoUITests.swift in Sources */,
				A5DCBC172EA7627B00625AD9 /* DemoUITestsLaunchTests.swift in Sources */,
			);
			runOnlyForDeploymentPostprocessing = 0;
		};
/* End PBXSourcesBuildPhase section */

/* Begin PBXTargetDependency section */
		A5DCBC082EA7627A00625AD9 /* PBXTargetDependency */ = {
			isa = PBXTargetDependency;
			target = A5DCBBEF2EA7627600625AD9 /* Demo */;
			targetProxy = A5DCBC072EA7627A00625AD9 /* PBXContainerItemProxy */;
		};
		A5DCBC122EA7627B00625AD9 /* PBXTargetDependency */ = {
			isa = PBXTargetDependency;
			target = A5DCBBEF2EA7627600625AD9 /* Demo */;
			targetProxy = A5DCBC112EA7627B00625AD9 /* PBXContainerItemProxy */;
		};
/* End PBXTargetDependency section */

/* Begin PBXVariantGroup section */
		A5DCBBF92EA7627600625AD9 /* Main.storyboard */ = {
			isa = PBXVariantGroup;
			children = (
				A5DCBBFA2EA7627600625AD9 /* Base */,
			);
			name = Main.storyboard;
			sourceTree = "<group>";
		};
		A5DCBBFE2EA7627A00625AD9 /* LaunchScreen.storyboard */ = {
			isa = PBXVariantGroup;
			children = (
				A5DCBBFF2EA7627A00625AD9 /* Base */,
			);
			name = LaunchScreen.storyboard;
			sourceTree = "<group>";
		};
/* End PBXVariantGroup section */

/* Begin XCBuildConfiguration section */
		A5DCBC182EA7627B00625AD9 /* Debug */ = {
			isa = XCBuildConfiguration;
			buildSettings = {
				ALWAYS_SEARCH_USER_PATHS = NO;
				ASSETCATALOG_COMPILER_GENERATE_SWIFT_ASSET_SYMBOL_EXTENSIONS = YES;
				CLANG_ANALYZER_NONNULL = YES;
				CLANG_ANALYZER_NUMBER_OBJECT_CONVERSION = YES_AGGRESSIVE;
				CLANG_CXX_LANGUAGE_STANDARD = "gnu++20";
				CLANG_ENABLE_MODULES = YES;
				CLANG_ENABLE_OBJC_ARC = YES;
				CLANG_ENABLE_OBJC_WEAK = YES;
				CLANG_WARN_BLOCK_CAPTURE_AUTORELEASING = YES;
				CLANG_WARN_BOOL_CONVERSION = YES;
				CLANG_WARN_COMMA = YES;
				CLANG_WARN_CONSTANT_CONVERSION = YES;
				CLANG_WARN_DEPRECATED_OBJC_IMPLEMENTATIONS = YES;
				CLANG_WARN_DIRECT_OBJC_ISA_USAGE = YES_ERROR;
				CLANG_WARN_DOCUMENTATION_COMMENTS = YES;
				CLANG_WARN_EMPTY_BODY = YES;
				CLANG_WARN_ENUM_CONVERSION = YES;
				CLANG_WARN_INFINITE_RECURSION = YES;
				CLANG_WARN_INT_CONVERSION = YES;
				CLANG_WARN_NON_LITERAL_NULL_CONVERSION = YES;
				CLANG_WARN_OBJC_IMPLICIT_RETAIN_SELF = YES;
				CLANG_WARN_OBJC_LITERAL_CONVERSION = YES;
				CLANG_WARN_OBJC_ROOT_CLASS = YES_ERROR;
				CLANG_WARN_QUOTED_INCLUDE_IN_FRAMEWORK_HEADER = YES;
				CLANG_WARN_RANGE_LOOP_ANALYSIS = YES;
				CLANG_WARN_STRICT_PROTOTYPES = YES;
				CLANG_WARN_SUSPICIOUS_MOVE = YES;
				CLANG_WARN_UNGUARDED_AVAILABILITY = YES_AGGRESSIVE;
				CLANG_WARN_UNREACHABLE_CODE = YES;
				CLANG_WARN__DUPLICATE_METHOD_MATCH = YES;
				COPY_PHASE_STRIP = NO;
				DEBUG_INFORMATION_FORMAT = dwarf;
				ENABLE_STRICT_OBJC_MSGSEND = YES;
				ENABLE_TESTABILITY = YES;
				ENABLE_USER_SCRIPT_SANDBOXING = YES;
				GCC_C_LANGUAGE_STANDARD = gnu17;
				GCC_DYNAMIC_NO_PIC = NO;
				GCC_NO_COMMON_BLOCKS = YES;
				GCC_OPTIMIZATION_LEVEL = 0;
				GCC_PREPROCESSOR_DEFINITIONS = (
					"DEBUG=1",
					"$(inherited)",
				);
				GCC_WARN_64_TO_32_BIT_CONVERSION = YES;
				GCC_WARN_ABOUT_RETURN_TYPE = YES_ERROR;
				GCC_WARN_UNDECLARED_SELECTOR = YES;
				GCC_WARN_UNINITIALIZED_AUTOS = YES_AGGRESSIVE;
				GCC_WARN_UNUSED_FUNCTION = YES;
				GCC_WARN_UNUSED_VARIABLE = YES;
				IPHONEOS_DEPLOYMENT_TARGET = 17.0;
				LOCALIZATION_PREFERS_STRING_CATALOGS = YES;
				MTL_ENABLE_DEBUG_INFO = INCLUDE_SOURCE;
				MTL_FAST_MATH = YES;
				ONLY_ACTIVE_ARCH = YES;
				SDKROOT = iphoneos;
				SWIFT_ACTIVE_COMPILATION_CONDITIONS = "DEBUG $(inherited)";
				SWIFT_OPTIMIZATION_LEVEL = "-Onone";
			};
			name = Debug;
		};
		A5DCBC192EA7627B00625AD9 /* Release */ = {
			isa = XCBuildConfiguration;
			buildSettings = {
				ALWAYS_SEARCH_USER_PATHS = NO;
				ASSETCATALOG_COMPILER_GENERATE_SWIFT_ASSET_SYMBOL_EXTENSIONS = YES;
				CLANG_ANALYZER_NONNULL = YES;
				CLANG_ANALYZER_NUMBER_OBJECT_CONVERSION = YES_AGGRESSIVE;
				CLANG_CXX_LANGUAGE_STANDARD = "gnu++20";
				CLANG_ENABLE_MODULES = YES;
				CLANG_ENABLE_OBJC_ARC = YES;
				CLANG_ENABLE_OBJC_WEAK = YES;
				CLANG_WARN_BLOCK_CAPTURE_AUTORELEASING = YES;
				CLANG_WARN_BOOL_CONVERSION = YES;
				CLANG_WARN_COMMA = YES;
				CLANG_WARN_CONSTANT_CONVERSION = YES;
				CLANG_WARN_DEPRECATED_OBJC_IMPLEMENTATIONS = YES;
				CLANG_WARN_DIRECT_OBJC_ISA_USAGE = YES_ERROR;
				CLANG_WARN_DOCUMENTATION_COMMENTS = YES;
				CLANG_WARN_EMPTY_BODY = YES;
				CLANG_WARN_ENUM_CONVERSION = YES;
				CLANG_WARN_INFINITE_RECURSION = YES;
				CLANG_WARN_INT_CONVERSION = YES;
				CLANG_WARN_NON_LITERAL_NULL_CONVERSION = YES;
				CLANG_WARN_OBJC_IMPLICIT_RETAIN_SELF = YES;
				CLANG_WARN_OBJC_LITERAL_CONVERSION = YES;
				CLANG_WARN_OBJC_ROOT_CLASS = YES_ERROR;
				CLANG_WARN_QUOTED_INCLUDE_IN_FRAMEWORK_HEADER = YES;
				CLANG_WARN_RANGE_LOOP_ANALYSIS = YES;
				CLANG_WARN_STRICT_PROTOTYPES = YES;
				CLANG_WARN_SUSPICIOUS_MOVE = YES;
				CLANG_WARN_UNGUARDED_AVAILABILITY = YES_AGGRESSIVE;
				CLANG_WARN_UNREACHABLE_CODE = YES;
				CLANG_WARN__DUPLICATE_METHOD_MATCH = YES;
				COPY_PHASE_STRIP = NO;
				DEBUG_INFORMATION_FORMAT = "dwarf-with-dsym";
				ENABLE_NS_ASSERTIONS = NO;
				ENABLE_STRICT_OBJC_MSGSEND = YES;
				ENABLE_USER_SCRIPT_SANDBOXING = YES;
				GCC_C_LANGUAGE_STANDARD = gnu17;
				GCC_NO_COMMON_BLOCKS = YES;
				GCC_WARN_64_TO_32_BIT_CONVERSION = YES;
				GCC_WARN_ABOUT_RETURN_TYPE = YES_ERROR;
				GCC_WARN_UNDECLARED_SELECTOR = YES;
				GCC_WARN_UNINITIALIZED_AUTOS = YES_AGGRESSIVE;
				GCC_WARN_UNUSED_FUNCTION = YES;
				GCC_WARN_UNUSED_VARIABLE = YES;
				IPHONEOS_DEPLOYMENT_TARGET = 17.0;
				LOCALIZATION_PREFERS_STRING_CATALOGS = YES;
				MTL_ENABLE_DEBUG_INFO = NO;
				MTL_FAST_MATH = YES;
				SDKROOT = iphoneos;
				SWIFT_COMPILATION_MODE = wholemodule;
				VALIDATE_PRODUCT = YES;
			};
			name = Release;
		};
		A5DCBC1B2EA7627B00625AD9 /* Debug */ = {
			isa = XCBuildConfiguration;
			baseConfigurationReference = 1BED300A0B4E32C895D11F25 /* Pods-Demo.debug.xcconfig */;
			buildSettings = {
				ASSETCATALOG_COMPILER_APPICON_NAME = AppIcon;
				ASSETCATALOG_COMPILER_GLOBAL_ACCENT_COLOR_NAME = AccentColor;
				CODE_SIGN_STYLE = Automatic;
				CURRENT_PROJECT_VERSION = 1;
				GENERATE_INFOPLIST_FILE = YES;
				INFOPLIST_FILE = Demo/Info.plist;
				INFOPLIST_KEY_UIApplicationSupportsIndirectInputEvents = YES;
				INFOPLIST_KEY_UILaunchStoryboardName = LaunchScreen;
				INFOPLIST_KEY_UIMainStoryboardFile = Main;
				INFOPLIST_KEY_UISupportedInterfaceOrientations_iPad = "UIInterfaceOrientationPortrait UIInterfaceOrientationPortraitUpsideDown UIInterfaceOrientationLandscapeLeft UIInterfaceOrientationLandscapeRight";
				INFOPLIST_KEY_UISupportedInterfaceOrientations_iPhone = "UIInterfaceOrientationPortrait UIInterfaceOrientationLandscapeLeft UIInterfaceOrientationLandscapeRight";
				LD_RUNPATH_SEARCH_PATHS = (
					"$(inherited)",
					"@executable_path/Frameworks",
				);
				MARKETING_VERSION = 1.0;
				PRODUCT_BUNDLE_IDENTIFIER = com.sq.Demo;
				PRODUCT_NAME = "$(TARGET_NAME)";
				SWIFT_EMIT_LOC_STRINGS = YES;
				SWIFT_VERSION = 5.0;
				TARGETED_DEVICE_FAMILY = "1,2";
			};
			name = Debug;
		};
		A5DCBC1C2EA7627B00625AD9 /* Release */ = {
			isa = XCBuildConfiguration;
			baseConfigurationReference = 17CE33DE9F52089A81880C55 /* Pods-Demo.release.xcconfig */;
			buildSettings = {
				ASSETCATALOG_COMPILER_APPICON_NAME = AppIcon;
				ASSETCATALOG_COMPILER_GLOBAL_ACCENT_COLOR_NAME = AccentColor;
				CODE_SIGN_STYLE = Automatic;
				CURRENT_PROJECT_VERSION = 1;
				GENERATE_INFOPLIST_FILE = YES;
				INFOPLIST_FILE = Demo/Info.plist;
				INFOPLIST_KEY_UIApplicationSupportsIndirectInputEvents = YES;
				INFOPLIST_KEY_UILaunchStoryboardName = LaunchScreen;
				INFOPLIST_KEY_UIMainStoryboardFile = Main;
				INFOPLIST_KEY_UISupportedInterfaceOrientations_iPad = "UIInterfaceOrientationPortrait UIInterfaceOrientationPortraitUpsideDown UIInterfaceOrientationLandscapeLeft UIInterfaceOrientationLandscapeRight";
				INFOPLIST_KEY_UISupportedInterfaceOrientations_iPhone = "UIInterfaceOrientationPortrait UIInterfaceOrientationLandscapeLeft UIInterfaceOrientationLandscapeRight";
				LD_RUNPATH_SEARCH_PATHS = (
					"$(inherited)",
					"@executable_path/Frameworks",
				);
				MARKETING_VERSION = 1.0;
				PRODUCT_BUNDLE_IDENTIFIER = com.sq.Demo;
				PRODUCT_NAME = "$(TARGET_NAME)";
				SWIFT_EMIT_LOC_STRINGS = YES;
				SWIFT_VERSION = 5.0;
				TARGETED_DEVICE_FAMILY = "1,2";
			};
			name = Release;
		};
		A5DCBC1E2EA7627B00625AD9 /* Debug */ = {
			isa = XCBuildConfiguration;
			buildSettings = {
				ALWAYS_EMBED_SWIFT_STANDARD_LIBRARIES = YES;
				BUNDLE_LOADER = "$(TEST_HOST)";
				CODE_SIGN_STYLE = Automatic;
				CURRENT_PROJECT_VERSION = 1;
				GENERATE_INFOPLIST_FILE = YES;
				IPHONEOS_DEPLOYMENT_TARGET = 17.0;
				MARKETING_VERSION = 1.0;
				PRODUCT_BUNDLE_IDENTIFIER = com.sq.DemoTests;
				PRODUCT_NAME = "$(TARGET_NAME)";
				SWIFT_EMIT_LOC_STRINGS = NO;
				SWIFT_VERSION = 5.0;
				TARGETED_DEVICE_FAMILY = "1,2";
				TEST_HOST = "$(BUILT_PRODUCTS_DIR)/Demo.app/$(BUNDLE_EXECUTABLE_FOLDER_PATH)/Demo";
			};
			name = Debug;
		};
		A5DCBC1F2EA7627B00625AD9 /* Release */ = {
			isa = XCBuildConfiguration;
			buildSettings = {
				ALWAYS_EMBED_SWIFT_STANDARD_LIBRARIES = YES;
				BUNDLE_LOADER = "$(TEST_HOST)";
				CODE_SIGN_STYLE = Automatic;
				CURRENT_PROJECT_VERSION = 1;
				GENERATE_INFOPLIST_FILE = YES;
				IPHONEOS_DEPLOYMENT_TARGET = 17.0;
				MARKETING_VERSION = 1.0;
				PRODUCT_BUNDLE_IDENTIFIER = com.sq.DemoTests;
				PRODUCT_NAME = "$(TARGET_NAME)";
				SWIFT_EMIT_LOC_STRINGS = NO;
				SWIFT_VERSION = 5.0;
				TARGETED_DEVICE_FAMILY = "1,2";
				TEST_HOST = "$(BUILT_PRODUCTS_DIR)/Demo.app/$(BUNDLE_EXECUTABLE_FOLDER_PATH)/Demo";
			};
			name = Release;
		};
		A5DCBC212EA7627B00625AD9 /* Debug */ = {
			isa = XCBuildConfiguration;
			buildSettings = {
				ALWAYS_EMBED_SWIFT_STANDARD_LIBRARIES = YES;
				CODE_SIGN_STYLE = Automatic;
				CURRENT_PROJECT_VERSION = 1;
				GENERATE_INFOPLIST_FILE = YES;
				MARKETING_VERSION = 1.0;
				PRODUCT_BUNDLE_IDENTIFIER = com.sq.DemoUITests;
				PRODUCT_NAME = "$(TARGET_NAME)";
				SWIFT_EMIT_LOC_STRINGS = NO;
				SWIFT_VERSION = 5.0;
				TARGETED_DEVICE_FAMILY = "1,2";
				TEST_TARGET_NAME = Demo;
			};
			name = Debug;
		};
		A5DCBC222EA7627B00625AD9 /* Release */ = {
			isa = XCBuildConfiguration;
			buildSettings = {
				ALWAYS_EMBED_SWIFT_STANDARD_LIBRARIES = YES;
				CODE_SIGN_STYLE = Automatic;
				CURRENT_PROJECT_VERSION = 1;
				GENERATE_INFOPLIST_FILE = YES;
				MARKETING_VERSION = 1.0;
				PRODUCT_BUNDLE_IDENTIFIER = com.sq.DemoUITests;
				PRODUCT_NAME = "$(TARGET_NAME)";
				SWIFT_EMIT_LOC_STRINGS = NO;
				SWIFT_VERSION = 5.0;
				TARGETED_DEVICE_FAMILY = "1,2";
				TEST_TARGET_NAME = Demo;
			};
			name = Release;
		};
/* End XCBuildConfiguration section */

/* Begin XCConfigurationList section */
		A5DCBBEB2EA7627600625AD9 /* Build configuration list for PBXProject "Demo" */ = {
			isa = XCConfigurationList;
			buildConfigurations = (
				A5DCBC182EA7627B00625AD9 /* Debug */,
				A5DCBC192EA7627B00625AD9 /* Release */,
			);
			defaultConfigurationIsVisible = 0;
			defaultConfigurationName = Release;
		};
		A5DCBC1A2EA7627B00625AD9 /* Build configuration list for PBXNativeTarget "Demo" */ = {
			isa = XCConfigurationList;
			buildConfigurations = (
				A5DCBC1B2EA7627B00625AD9 /* Debug */,
				A5DCBC1C2EA7627B00625AD9 /* Release */,
			);
			defaultConfigurationIsVisible = 0;
			defaultConfigurationName = Release;
		};
		A5DCBC1D2EA7627B00625AD9 /* Build configuration list for PBXNativeTarget "DemoTests" */ = {
			isa = XCConfigurationList;
			buildConfigurations = (
				A5DCBC1E2EA7627B00625AD9 /* Debug */,
				A5DCBC1F2EA7627B00625AD9 /* Release */,
			);
			defaultConfigurationIsVisible = 0;
			defaultConfigurationName = Release;
		};
		A5DCBC202EA7627B00625AD9 /* Build configuration list for PBXNativeTarget "DemoUITests" */ = {
			isa = XCConfigurationList;
			buildConfigurations = (
				A5DCBC212EA7627B00625AD9 /* Debug */,
				A5DCBC222EA7627B00625AD9 /* Release */,
			);
			defaultConfigurationIsVisible = 0;
			defaultConfigurationName = Release;
		};
/* End XCConfigurationList section */
	};
	rootObject = A5DCBBE82EA7627600625AD9 /* Project object */;
}
